
Microsoft Visual Studio Solution File, Format Version 12.00
# Visual Studio 14
VisualStudioVersion = 14.0.25420.1
MinimumVisualStudioVersion = 10.0.40219.1
Project("{FAE04EC0-301F-11D3-BF4B-00C04F79EFBC}") = "VirtualRouterDevices", "src\VirtualRouterDevices\VirtualRouterDevices.csproj", "{0BCE9297-C6C6-44D7-BBA8-F35DFA711A0C}"
EndProject
Project("{FAE04EC0-301F-11D3-BF4B-00C04F79EFBC}") = "VirtualRouterManager", "src\VirtualRouterManagerManager\VirtualRouterManager.csproj", "{0C8FFF36-5A8B-438E-B913-297D664BBCF2}"
EndProject
Project("{54435603-DBB4-11D2-8724-00A0C9A8B90C}") = "VirtualRouterManagerInstaller", "src\VirtualRouterManagerInstaller\VirtualRouterManagerInstaller.vdproj", "{F1A196CA-935A-472F-863A-39D2BC7FEBA1}"
EndProject
Global
	GlobalSection(SolutionConfigurationPlatforms) = preSolution
		Debug|Any CPU = Debug|Any CPU
		Release|Any CPU = Release|Any CPU
	EndGlobalSection
	GlobalSection(ProjectConfigurationPlatforms) = postSolution
		{0BCE9297-C6C6-44D7-BBA8-F35DFA711A0C}.Debug|Any CPU.ActiveCfg = Debug|Any CPU
		{0BCE9297-C6C6-44D7-BBA8-F35DFA711A0C}.Debug|Any CPU.Build.0 = Debug|Any CPU
		{0BCE9297-C6C6-44D7-BBA8-F35DFA711A0C}.Release|Any CPU.ActiveCfg = Release|Any CPU
		{0BCE9297-C6C6-44D7-BBA8-F35DFA711A0C}.Release|Any CPU.Build.0 = Release|Any CPU
		{0C8FFF36-5A8B-438E-B913-297D664BBCF2}.Debug|Any CPU.ActiveCfg = Debug|Any CPU
		{0C8FFF36-5A8B-438E-B913-297D664BBCF2}.Debug|Any CPU.Build.0 = Debug|Any CPU
		{0C8FFF36-5A8B-438E-B913-297D664BBCF2}.Release|Any CPU.ActiveCfg = Release|Any CPU
		{0C8FFF36-5A8B-438E-B913-297D664BBCF2}.Release|Any CPU.Build.0 = Release|Any CPU
		{F1A196CA-935A-472F-863A-39D2BC7FEBA1}.Debug|Any CPU.ActiveCfg = Debug
		{F1A196CA-935A-472F-863A-39D2BC7FEBA1}.Debug|Any CPU.Build.0 = Debug
		{F1A196CA-935A-472F-863A-39D2BC7FEBA1}.Release|Any CPU.ActiveCfg = Release
		{F1A196CA-935A-472F-863A-39D2BC7FEBA1}.Release|Any CPU.Build.0 = Release
	EndGlobalSection
	GlobalSection(SolutionProperties) = preSolution
		HideSolutionNode = FALSE
	EndGlobalSection
	GlobalSection(ExtensibilityGlobals) = postSolution
		CodeStyleEnforcer_Active = 0
		CodeStyleEnforcer_RulesLocation = 
	EndGlobalSection
EndGlobal
